{
  "nodes": {
    "emacs": {
      "locked": {
        "lastModified": 1641377966,
        "narHash": "sha256-X+X02PyW5tzQwtiVI7NSmCwRwn0YFB3ohWl85qtVp1E=",
        "owner": "nix-community",
        "repo": "emacs-overlay",
        "rev": "80fcee4b48e517338f370aa16c66d352d2a7ac6f",
        "type": "github"
      },
      "original": {
        "owner": "nix-community",
        "ref": "master",
        "repo": "emacs-overlay",
        "type": "github"
      }
    },
    "flake-utils": {
      "locked": {
        "lastModified": 1623660459,
        "narHash": "sha256-OTmOsh43po7r5F9s9H6lVCBQ2b0FikWbmiwLbMAGRdw=",
        "owner": "numtide",
        "repo": "flake-utils",
        "rev": "98c8d36b1828009b20f12544214683c7489935a1",
        "type": "github"
      },
      "original": {
        "owner": "numtide",
        "repo": "flake-utils",
        "type": "github"
      }
    },
    "home-manager": {
      "inputs": {
        "nixpkgs": [
          "stable"
        ]
      },
      "locked": {
        "lastModified": 1639871969,
        "narHash": "sha256-6feWUnMygRzA9tzkrfAzpA5/NBYg75bkFxnqb1DtD7E=",
        "owner": "nix-community",
        "repo": "home-manager",
        "rev": "697cc8c68ed6a606296efbbe9614c32537078756",
        "type": "github"
      },
      "original": {
        "owner": "nix-community",
        "ref": "release-21.11",
        "repo": "home-manager",
        "type": "github"
      }
    },
    "jupyter": {
      "inputs": {
        "flake-utils": "flake-utils",
        "nixpkgs": "nixpkgs"
      },
      "locked": {
        "lastModified": 1628121465,
        "narHash": "sha256-eQzY+yymJzIVRYx58Kim21AfS1v8eTTkiLj3ZtPW4Nc=",
        "owner": "GTrunSec",
        "repo": "jupyterWith",
        "rev": "efbbc51cf4551cb3625ed47761368f02dcccf39b",
        "type": "github"
      },
      "original": {
        "owner": "GTrunSec",
        "ref": "flakes",
        "repo": "jupyterWith",
        "type": "github"
      }
    },
    "nixpkgs": {
      "locked": {
        "lastModified": 1623393771,
        "narHash": "sha256-UMqgWzS0IEqsosffjL0P621dixn5ncE9unNylpUB9Zs=",
        "owner": "NixOS",
        "repo": "nixpkgs",
        "rev": "a5d03577f0161c8a6e713b928ca44d9b3feb2c37",
        "type": "github"
      },
      "original": {
        "id": "nixpkgs",
        "rev": "a5d03577f0161c8a6e713b928ca44d9b3feb2c37",
        "type": "indirect"
      }
    },
    "nixpkgs_2": {
      "locked": {
        "lastModified": 1629271619,
        "narHash": "sha256-by9D3OkEKk4rOzJIMbC0uP2wP3Bt81auP5xmbmPg2a8=",
        "owner": "NixOS",
        "repo": "nixpkgs",
        "rev": "7bbca9877caed472c6b5866ea09302cfcdce3dbf",
        "type": "github"
      },
      "original": {
        "owner": "NixOS",
        "ref": "nixos-21.05",
        "repo": "nixpkgs",
        "type": "github"
      }
    },
    "personal": {
      "inputs": {
        "nixpkgs": "nixpkgs_2"
      },
      "locked": {
        "lastModified": 1629367653,
        "narHash": "sha256-TYovgHylzgcVC7M714mPVdCCsnHV9Uh2DiLWhi/KWe8=",
        "owner": "KnairdA",
        "repo": "pkgs",
        "rev": "5e27bc6838920fe2948bc0953a519232bced0397",
        "type": "github"
      },
      "original": {
        "owner": "KnairdA",
        "repo": "pkgs",
        "type": "github"
      }
    },
    "root": {
      "inputs": {
        "emacs": "emacs",
        "home-manager": "home-manager",
        "jupyter": "jupyter",
        "personal": "personal",
        "stable": "stable",
        "unstable": "unstable"
      }
    },
    "stable": {
      "locked": {
        "lastModified": 1641244400,
        "narHash": "sha256-8i4oasWEz/2y9U+F1XU15jfwSbd5YOEBh2tyBBm/W8E=",
        "owner": "NixOS",
        "repo": "nixpkgs",
        "rev": "c6019d8efb5530dcf7ce98086b8e091be5ff900a",
        "type": "github"
      },
      "original": {
        "owner": "NixOS",
        "ref": "nixos-21.11",
        "repo": "nixpkgs",
        "type": "github"
      }
    },
    "unstable": {
      "locked": {
        "lastModified": 1641285291,
        "narHash": "sha256-KYaOBNGar3XWTxTsYPr9P6u74KAqNq0wobEC236U+0c=",
        "owner": "NixOS",
        "repo": "nixpkgs",
        "rev": "0432195a4b8d68faaa7d3d4b355260a3120aeeae",
        "type": "github"
      },
      "original": {
        "owner": "NixOS",
        "ref": "nixpkgs-unstable",
        "repo": "nixpkgs",
        "type": "github"
      }
    }
  },
  "root": "root",
  "version": 7
}
